
Microsoft Visual Studio Solution File, Format Version 12.00
# Visual Studio Version 16
VisualStudioVersion = 16.0.31624.102
MinimumVisualStudioVersion = 10.0.40219.1
Project("{8BC9CEB8-8B4A-11D0-8D11-00A0C91BC942}") = "Lab1", "Lab1\Lab1.vcxproj", "{732D345A-6CB8-452A-8347-069F46E3E65B}"
EndProject
Project("{8BC9CEB8-8B4A-11D0-8D11-00A0C91BC942}") = "Lab1-2", "Lab1-2\Lab1-2.vcxproj", "{BD74EAE5-EBFB-4E70-BC0F-8308A9C9F4CE}"
EndProject
Project("{8BC9CEB8-8B4A-11D0-8D11-00A0C91BC942}") = "Lab2", "Lab2\Lab2.vcxproj", "{E56FDB25-3712-4614-9A0E-0405C8ED937D}"
EndProject
Project("{8BC9CEB8-8B4A-11D0-8D11-00A0C91BC942}") = "Lab3", "Lab3\Lab3.vcxproj", "{E3940BE5-D6D9-44F0-A5BF-643BBB164201}"
EndProject
Project("{8BC9CEB8-8B4A-11D0-8D11-00A0C91BC942}") = "Lab4", "Lab4\Lab4.vcxproj", "{CF3AE08E-60D1-4A0B-B551-810E86073B2B}"
EndProject
Global
	GlobalSection(SolutionConfigurationPlatforms) = preSolution
		Debug|x64 = Debug|x64
		Debug|x86 = Debug|x86
		Release|x64 = Release|x64
		Release|x86 = Release|x86
	EndGlobalSection
	GlobalSection(ProjectConfigurationPlatforms) = postSolution
		{732D345A-6CB8-452A-8347-069F46E3E65B}.Debug|x64.ActiveCfg = Debug|x64
		{732D345A-6CB8-452A-8347-069F46E3E65B}.Debug|x64.Build.0 = Debug|x64
		{732D345A-6CB8-452A-8347-069F46E3E65B}.Debug|x86.ActiveCfg = Debug|Win32
		{732D345A-6CB8-452A-8347-069F46E3E65B}.Debug|x86.Build.0 = Debug|Win32
		{732D345A-6CB8-452A-8347-069F46E3E65B}.Release|x64.ActiveCfg = Release|x64
		{732D345A-6CB8-452A-8347-069F46E3E65B}.Release|x64.Build.0 = Release|x64
		{732D345A-6CB8-452A-8347-069F46E3E65B}.Release|x86.ActiveCfg = Release|Win32
		{732D345A-6CB8-452A-8347-069F46E3E65B}.Release|x86.Build.0 = Release|Win32
		{BD74EAE5-EBFB-4E70-BC0F-8308A9C9F4CE}.Debug|x64.ActiveCfg = Debug|x64
		{BD74EAE5-EBFB-4E70-BC0F-8308A9C9F4CE}.Debug|x64.Build.0 = Debug|x64
		{BD74EAE5-EBFB-4E70-BC0F-8308A9C9F4CE}.Debug|x86.ActiveCfg = Debug|Win32
		{BD74EAE5-EBFB-4E70-BC0F-8308A9C9F4CE}.Debug|x86.Build.0 = Debug|Win32
		{BD74EAE5-EBFB-4E70-BC0F-8308A9C9F4CE}.Release|x64.ActiveCfg = Release|x64
		{BD74EAE5-EBFB-4E70-BC0F-8308A9C9F4CE}.Release|x64.Build.0 = Release|x64
		{BD74EAE5-EBFB-4E70-BC0F-8308A9C9F4CE}.Release|x86.ActiveCfg = Release|Win32
		{BD74EAE5-EBFB-4E70-BC0F-8308A9C9F4CE}.Release|x86.Build.0 = Release|Win32
		{E56FDB25-3712-4614-9A0E-0405C8ED937D}.Debug|x64.ActiveCfg = Debug|x64
		{E56FDB25-3712-4614-9A0E-0405C8ED937D}.Debug|x64.Build.0 = Debug|x64
		{E56FDB25-3712-4614-9A0E-0405C8ED937D}.Debug|x86.ActiveCfg = Debug|Win32
		{E56FDB25-3712-4614-9A0E-0405C8ED937D}.Debug|x86.Build.0 = Debug|Win32
		{E56FDB25-3712-4614-9A0E-0405C8ED937D}.Release|x64.ActiveCfg = Release|x64
		{E56FDB25-3712-4614-9A0E-0405C8ED937D}.Release|x64.Build.0 = Release|x64
		{E56FDB25-3712-4614-9A0E-0405C8ED937D}.Release|x86.ActiveCfg = Release|Win32
		{E56FDB25-3712-4614-9A0E-0405C8ED937D}.Release|x86.Build.0 = Release|Win32
		{E3940BE5-D6D9-44F0-A5BF-643BBB164201}.Debug|x64.ActiveCfg = Debug|x64
		{E3940BE5-D6D9-44F0-A5BF-643BBB164201}.Debug|x64.Build.0 = Debug|x64
		{E3940BE5-D6D9-44F0-A5BF-643BBB164201}.Debug|x86.ActiveCfg = Debug|Win32
		{E3940BE5-D6D9-44F0-A5BF-643BBB164201}.Debug|x86.Build.0 = Debug|Win32
		{E3940BE5-D6D9-44F0-A5BF-643BBB164201}.Release|x64.ActiveCfg = Release|x64
		{E3940BE5-D6D9-44F0-A5BF-643BBB164201}.Release|x64.Build.0 = Release|x64
		{E3940BE5-D6D9-44F0-A5BF-643BBB164201}.Release|x86.ActiveCfg = Release|Win32
		{E3940BE5-D6D9-44F0-A5BF-643BBB164201}.Release|x86.Build.0 = Release|Win32
		{CF3AE08E-60D1-4A0B-B551-810E86073B2B}.Debug|x64.ActiveCfg = Debug|x64
		{CF3AE08E-60D1-4A0B-B551-810E86073B2B}.Debug|x64.Build.0 = Debug|x64
		{CF3AE08E-60D1-4A0B-B551-810E86073B2B}.Debug|x86.ActiveCfg = Debug|Win32
		{CF3AE08E-60D1-4A0B-B551-810E86073B2B}.Debug|x86.Build.0 = Debug|Win32
		{CF3AE08E-60D1-4A0B-B551-810E86073B2B}.Release|x64.ActiveCfg = Release|x64
		{CF3AE08E-60D1-4A0B-B551-810E86073B2B}.Release|x64.Build.0 = Release|x64
		{CF3AE08E-60D1-4A0B-B551-810E86073B2B}.Release|x86.ActiveCfg = Release|Win32
		{CF3AE08E-60D1-4A0B-B551-810E86073B2B}.Release|x86.Build.0 = Release|Win32
	EndGlobalSection
	GlobalSection(SolutionProperties) = preSolution
		HideSolutionNode = FALSE
	EndGlobalSection
	GlobalSection(ExtensibilityGlobals) = postSolution
		SolutionGuid = {D2C9DA00-8E7B-4A84-BE53-2A99BA4DC4CC}
	EndGlobalSection
EndGlobal
